{
  "name": "mindfully",
  "lockfileVersion": 3,
  "requires": true,
  "packages": {
    "": {
      "devDependencies": {
        "chrome-types": "^0.1.196"
      }
    },
    "node_modules/chrome-types": {
      "version": "0.1.196",
      "resolved": "https://registry.npmjs.org/chrome-types/-/chrome-types-0.1.196.tgz",
      "integrity": "sha512-Vuxyjdn6dhhY5krzX/HMxJWswx0M7ENnr/T8mmSfwpiAtSZ1BKY8nZ6fY+DnzGN6tVpl0ULSbtqbwij+G4An/A==",
      "dev": true
    }
  }
}
